{
    "_readme": [
        "This file locks the dependencies of your project to a known state",
        "Read more about it at https://getcomposer.org/doc/01-basic-usage.md#installing-dependencies",
        "This file is @generated automatically"
    ],
    "content-hash": "d6e3fe22017ce2af045e105bf5549aa5",
    "packages": [
        {
            "name": "composer/installers",
            "version": "v2.1.1",
            "source": {
                "type": "git",
                "url": "https://github.com/composer/installers.git",
                "reference": "af93ba6e52236418f07a278033eba6959ee5b983"
            },
            "dist": {
                "type": "zip",
                "url": "https://api.github.com/repos/composer/installers/zipball/af93ba6e52236418f07a278033eba6959ee5b983",
                "reference": "af93ba6e52236418f07a278033eba6959ee5b983",
                "shasum": ""
            },
            "require": {
                "composer-plugin-api": "^1.0 || ^2.0",
                "php": "^7.2 || ^8.0"
            },
            "require-dev": {
                "composer/composer": "1.6.* || ^2.0",
                "composer/semver": "^1 || ^3",
                "phpstan/phpstan": "^0.12.55",
                "phpstan/phpstan-phpunit": "^0.12.16",
                "symfony/phpunit-bridge": "^5.3",
                "symfony/process": "^5"
            },
            "type": "composer-plugin",
            "extra": {
                "class": "Composer\\Installers\\Plugin",
                "branch-alias": {
                    "dev-main": "2.x-dev"
                },
                "plugin-modifies-install-path": true
            },
            "autoload": {
                "psr-4": {
                    "Composer\\Installers\\": "src/Composer/Installers"
                }
            },
            "notification-url": "https://packagist.org/downloads/",
            "license": [
                "MIT"
            ],
            "authors": [
                {
                    "name": "Kyle Robinson Young",
                    "email": "kyle@dontkry.com",
                    "homepage": "https://github.com/shama"
                }
            ],
            "description": "A multi-framework Composer library installer",
            "homepage": "https://composer.github.io/installers/",
            "keywords": [
                "Dolibarr",
                "Eliasis",
                "Hurad",
                "ImageCMS",
                "Kanboard",
                "Lan Management System",
                "MODX Evo",
                "MantisBT",
                "Mautic",
                "Maya",
                "OXID",
                "Plentymarkets",
                "Porto",
                "RadPHP",
                "SMF",
                "Starbug",
                "Thelia",
                "Whmcs",
                "WolfCMS",
                "agl",
                "annotatecms",
                "attogram",
                "bitrix",
                "cakephp",
                "chef",
                "cockpit",
                "codeigniter",
                "concrete5",
                "croogo",
                "dokuwiki",
                "drupal",
                "eZ Platform",
                "elgg",
                "expressionengine",
                "fuelphp",
                "grav",
                "installer",
                "itop",
                "known",
                "kohana",
                "laravel",
                "lavalite",
                "lithium",
                "magento",
                "majima",
                "mako",
                "mediawiki",
                "miaoxing",
                "modulework",
                "modx",
                "moodle",
                "osclass",
                "pantheon",
                "phpbb",
                "piwik",
                "ppi",
                "processwire",
                "puppet",
                "pxcms",
                "reindex",
                "roundcube",
                "shopware",
                "silverstripe",
                "sydes",
                "sylius",
                "tastyigniter",
                "wordpress",
                "yawik",
                "zend",
                "zikula"
            ],
            "support": {
                "issues": "https://github.com/composer/installers/issues",
                "source": "https://github.com/composer/installers/tree/v2.1.1"
            },
            "funding": [
                {
                    "url": "https://packagist.com",
                    "type": "custom"
                },
                {
                    "url": "https://github.com/composer",
                    "type": "github"
                },
                {
                    "url": "https://tidelift.com/funding/github/packagist/composer/composer",
                    "type": "tidelift"
                }
            ],
            "time": "2022-04-13T09:13:00+00:00"
        },
        {
            "name": "johnpbloch/wordpress",
            "version": "6.0.0",
            "source": {
                "type": "git",
                "url": "https://github.com/johnpbloch/wordpress.git",
                "reference": "2432ce687e68c3df7de16920d467761b241e20cf"
            },
            "dist": {
                "type": "zip",
                "url": "https://api.github.com/repos/johnpbloch/wordpress/zipball/2432ce687e68c3df7de16920d467761b241e20cf",
                "reference": "2432ce687e68c3df7de16920d467761b241e20cf",
                "shasum": ""
            },
            "require": {
                "johnpbloch/wordpress-core": "6.0.0",
                "johnpbloch/wordpress-core-installer": "^1.0 || ^2.0",
                "php": ">=5.6.20"
            },
            "type": "package",
            "notification-url": "https://packagist.org/downloads/",
            "license": [
                "GPL-2.0+"
            ],
            "authors": [
                {
                    "name": "WordPress Community",
                    "homepage": "https://wordpress.org/about/"
                }
            ],
            "description": "WordPress is open source software you can use to create a beautiful website, blog, or app.",
            "homepage": "https://wordpress.org/",
            "keywords": [
                "blog",
                "cms",
                "wordpress"
            ],
            "support": {
                "docs": "https://developer.wordpress.org/",
                "forum": "https://wordpress.org/support/",
                "irc": "irc://irc.freenode.net/wordpress",
                "issues": "https://core.trac.wordpress.org/",
                "source": "https://core.trac.wordpress.org/browser"
            },
            "time": "2022-05-24T19:10:15+00:00"
        },
        {
            "name": "johnpbloch/wordpress-core",
            "version": "6.0.0",
            "source": {
                "type": "git",
                "url": "https://github.com/johnpbloch/wordpress-core.git",
                "reference": "90d8de3a682f2ed93ebe8cf99bec8fb297d43967"
            },
            "dist": {
                "type": "zip",
                "url": "https://api.github.com/repos/johnpbloch/wordpress-core/zipball/90d8de3a682f2ed93ebe8cf99bec8fb297d43967",
                "reference": "90d8de3a682f2ed93ebe8cf99bec8fb297d43967",
                "shasum": ""
            },
            "require": {
                "ext-json": "*",
                "php": ">=5.6.20"
            },
            "provide": {
                "wordpress/core-implementation": "6.0.0"
            },
            "type": "wordpress-core",
            "notification-url": "https://packagist.org/downloads/",
            "license": [
                "GPL-2.0-or-later"
            ],
            "authors": [
                {
                    "name": "WordPress Community",
                    "homepage": "https://wordpress.org/about/"
                }
            ],
            "description": "WordPress is open source software you can use to create a beautiful website, blog, or app.",
            "homepage": "https://wordpress.org/",
            "keywords": [
                "blog",
                "cms",
                "wordpress"
            ],
            "support": {
                "forum": "https://wordpress.org/support/",
                "irc": "irc://irc.freenode.net/wordpress",
                "issues": "https://core.trac.wordpress.org/",
                "source": "https://core.trac.wordpress.org/browser",
                "wiki": "https://codex.wordpress.org/"
            },
            "time": "2022-05-24T19:10:11+00:00"
        },
        {
            "name": "johnpbloch/wordpress-core-installer",
            "version": "2.0.0",
            "source": {
                "type": "git",
                "url": "https://github.com/johnpbloch/wordpress-core-installer.git",
                "reference": "237faae9a60a4a2e1d45dce1a5836ffa616de63e"
            },
            "dist": {
                "type": "zip",
                "url": "https://api.github.com/repos/johnpbloch/wordpress-core-installer/zipball/237faae9a60a4a2e1d45dce1a5836ffa616de63e",
                "reference": "237faae9a60a4a2e1d45dce1a5836ffa616de63e",
                "shasum": ""
            },
            "require": {
                "composer-plugin-api": "^1.0 || ^2.0",
                "php": ">=5.6.0"
            },
            "conflict": {
                "composer/installers": "<1.0.6"
            },
            "require-dev": {
                "composer/composer": "^1.0 || ^2.0",
                "phpunit/phpunit": ">=5.7.27"
            },
            "type": "composer-plugin",
            "extra": {
                "class": "johnpbloch\\Composer\\WordPressCorePlugin"
            },
            "autoload": {
                "psr-0": {
                    "johnpbloch\\Composer\\": "src/"
                }
            },
            "notification-url": "https://packagist.org/downloads/",
            "license": [
                "GPL-2.0-or-later"
            ],
            "authors": [
                {
                    "name": "John P. Bloch",
                    "email": "me@johnpbloch.com"
                }
            ],
            "description": "A custom installer to handle deploying WordPress with composer",
            "keywords": [
                "wordpress"
            ],
            "support": {
                "issues": "https://github.com/johnpbloch/wordpress-core-installer/issues",
                "source": "https://github.com/johnpbloch/wordpress-core-installer/tree/master"
            },
            "time": "2020-04-16T21:44:57+00:00"
        },
        {
            "name": "monolog/monolog",
            "version": "1.27.1",
            "source": {
                "type": "git",
                "url": "https://github.com/Seldaek/monolog.git",
                "reference": "904713c5929655dc9b97288b69cfeedad610c9a1"
            },
            "dist": {
                "type": "zip",
                "url": "https://api.github.com/repos/Seldaek/monolog/zipball/904713c5929655dc9b97288b69cfeedad610c9a1",
                "reference": "904713c5929655dc9b97288b69cfeedad610c9a1",
                "shasum": ""
            },
            "require": {
                "php": ">=5.3.0",
                "psr/log": "~1.0"
            },
            "provide": {
                "psr/log-implementation": "1.0.0"
            },
            "require-dev": {
                "aws/aws-sdk-php": "^2.4.9 || ^3.0",
                "doctrine/couchdb": "~1.0@dev",
                "graylog2/gelf-php": "~1.0",
                "php-amqplib/php-amqplib": "~2.4",
                "php-console/php-console": "^3.1.3",
                "phpstan/phpstan": "^0.12.59",
                "phpunit/phpunit": "~4.5",
                "ruflin/elastica": ">=0.90 <3.0",
                "sentry/sentry": "^0.13",
                "swiftmailer/swiftmailer": "^5.3|^6.0"
            },
            "suggest": {
                "aws/aws-sdk-php": "Allow sending log messages to AWS services like DynamoDB",
                "doctrine/couchdb": "Allow sending log messages to a CouchDB server",
                "ext-amqp": "Allow sending log messages to an AMQP server (1.0+ required)",
                "ext-mongo": "Allow sending log messages to a MongoDB server",
                "graylog2/gelf-php": "Allow sending log messages to a GrayLog2 server",
                "mongodb/mongodb": "Allow sending log messages to a MongoDB server via PHP Driver",
                "php-amqplib/php-amqplib": "Allow sending log messages to an AMQP server using php-amqplib",
                "php-console/php-console": "Allow sending log messages to Google Chrome",
                "rollbar/rollbar": "Allow sending log messages to Rollbar",
                "ruflin/elastica": "Allow sending log messages to an Elastic Search server",
                "sentry/sentry": "Allow sending log messages to a Sentry server"
            },
            "type": "library",
            "autoload": {
                "psr-4": {
                    "Monolog\\": "src/Monolog"
                }
            },
            "notification-url": "https://packagist.org/downloads/",
            "license": [
                "MIT"
            ],
            "authors": [
                {
                    "name": "Jordi Boggiano",
                    "email": "j.boggiano@seld.be",
                    "homepage": "http://seld.be"
                }
            ],
            "description": "Sends your logs to files, sockets, inboxes, databases and various web services",
            "homepage": "http://github.com/Seldaek/monolog",
            "keywords": [
                "log",
                "logging",
                "psr-3"
            ],
            "support": {
                "issues": "https://github.com/Seldaek/monolog/issues",
                "source": "https://github.com/Seldaek/monolog/tree/1.27.1"
            },
            "funding": [
                {
                    "url": "https://github.com/Seldaek",
                    "type": "github"
                },
                {
                    "url": "https://tidelift.com/funding/github/packagist/monolog/monolog",
                    "type": "tidelift"
                }
            ],
            "time": "2022-06-09T08:53:42+00:00"
        },
        {
            "name": "psr/log",
            "version": "1.1.4",
            "source": {
                "type": "git",
                "url": "https://github.com/php-fig/log.git",
                "reference": "d49695b909c3b7628b6289db5479a1c204601f11"
            },
            "dist": {
                "type": "zip",
                "url": "https://api.github.com/repos/php-fig/log/zipball/d49695b909c3b7628b6289db5479a1c204601f11",
                "reference": "d49695b909c3b7628b6289db5479a1c204601f11",
                "shasum": ""
            },
            "require": {
                "php": ">=5.3.0"
            },
            "type": "library",
            "extra": {
                "branch-alias": {
                    "dev-master": "1.1.x-dev"
                }
            },
            "autoload": {
                "psr-4": {
                    "Psr\\Log\\": "Psr/Log/"
                }
            },
            "notification-url": "https://packagist.org/downloads/",
            "license": [
                "MIT"
            ],
            "authors": [
                {
                    "name": "PHP-FIG",
                    "homepage": "https://www.php-fig.org/"
                }
            ],
            "description": "Common interface for logging libraries",
            "homepage": "https://github.com/php-fig/log",
            "keywords": [
                "log",
                "psr",
                "psr-3"
            ],
            "support": {
                "source": "https://github.com/php-fig/log/tree/1.1.4"
            },
            "time": "2021-05-03T11:20:27+00:00"
        },
        {
            "name": "wp-media/wp-rocket",
            "version": "v3.11.3",
            "source": {
                "type": "git",
                "url": "https://github.com/wp-media/wp-rocket.git",
                "reference": "2a31aaac709286193db679d9155861da4600e46f"
            },
            "dist": {
                "type": "zip",
                "url": "https://api.github.com/repos/wp-media/wp-rocket/zipball/2a31aaac709286193db679d9155861da4600e46f",
                "reference": "2a31aaac709286193db679d9155861da4600e46f",
                "shasum": ""
            },
            "require": {
                "composer/installers": "^1.0 || ^2.0",
                "monolog/monolog": "^1.0",
                "php": ">=7.0"
            },
            "require-dev": {
                "brain/monkey": "^2.0",
                "coenjacobs/mozart": "^0.7",
                "dealerdirect/phpcodesniffer-composer-installer": "^0.7.0",
                "league/container": "^3.3",
                "mikey179/vfsstream": "1.6.9",
                "mnsami/composer-custom-directory-installer": "^2.0",
                "mobiledetect/mobiledetectlib": "^2.8",
                "php": "^7 || ^8",
                "phpcompatibility/phpcompatibility-wp": "^2.0",
                "phpstan/phpstan": "^0.12",
                "phpunit/phpunit": "^7.5 || ^8 || ^9",
                "psr/container": "1.0.0",
                "roave/security-advisories": "dev-master",
                "szepeviktor/phpstan-wordpress": "^0.7.0",
                "woocommerce/action-scheduler": "^3.4",
                "wp-coding-standards/wpcs": "^2",
                "wp-media/background-processing": "^1.3",
                "wp-media/cloudflare": "^1.0",
                "wp-media/module-varnish": "^2.0",
                "wp-media/phpunit": "^3.0",
                "wp-media/rocket-lazyload-common": "^3.0",
                "wp-media/wp-imagify-partner": "^1.0",
                "wpackagist-plugin/amp": "^1.1.4",
                "wpackagist-plugin/hummingbird-performance": "2.0.1",
                "wpackagist-plugin/pdf-embedder": "^4.6",
                "wpackagist-plugin/simple-custom-css": "^4.0.3",
                "wpackagist-plugin/spinupwp": "^1.1",
                "wpackagist-plugin/woocommerce": "^5.3",
                "wpackagist-plugin/wp-smushit": "^3.0"
            },
            "type": "wordpress-plugin",
            "extra": {
                "installer-paths": {
                    "./inc/Dependencies/ActionScheduler/": [
                        "woocommerce/action-scheduler"
                    ],
                    "vendor/{$vendor}/{$name}/": [
                        "type:wordpress-plugin"
                    ],
                    "./inc/Addon/Cloudflare/": [
                        "wp-media/cloudflare"
                    ],
                    "./inc/Addon/Varnish/": [
                        "wp-media/module-varnish"
                    ]
                },
                "mozart": {
                    "dep_namespace": "WP_Rocket\\Dependencies\\",
                    "dep_directory": "/inc/Dependencies/",
                    "classmap_directory": "/inc/classes/dependencies/",
                    "classmap_prefix": "WP_Rocket_",
                    "packages": [
                        "mobiledetect/mobiledetectlib",
                        "wp-media/background-processing",
                        "wp-media/rocket-lazyload-common",
                        "wp-media/wp-imagify-partner",
                        "league/container"
                    ]
                }
            },
            "autoload": {
                "psr-4": {
                    "WP_Rocket\\": "inc/",
                    "WPMedia\\Cloudflare\\": "inc/Addon/Cloudflare/"
                },
                "classmap": [
                    "inc/classes",
                    "inc/vendors/classes",
                    "inc/deprecated"
                ],
                "exclude-from-classmap": [
                    "inc/vendors/classes/class-rocket-mobile-detect.php",
                    "inc/classes/class-wp-rocket-requirements-check.php"
                ]
            },
            "notification-url": "https://packagist.org/downloads/",
            "license": [
                "GPL-2.0-or-later"
            ],
            "authors": [
                {
                    "name": "WP Media",
                    "email": "contact@wp-media.me",
                    "homepage": "https://wp-media.me"
                }
            ],
            "description": "Performance optimization plugin for WordPress",
            "homepage": "https://wp-rocket.me",
            "keywords": [
                "cache",
                "lazyload",
                "minification",
                "wordpress"
            ],
            "support": {
                "issues": "https://github.com/wp-media/wp-rocket/issues",
                "source": "https://github.com/wp-media/wp-rocket"
            },
            "time": "2022-05-31T13:08:52+00:00"
        },
        {
            "name": "wpackagist-plugin/duplicate-post",
            "version": "4.4",
            "source": {
                "type": "svn",
                "url": "https://plugins.svn.wordpress.org/duplicate-post/",
                "reference": "tags/4.4"
            },
            "dist": {
                "type": "zip",
                "url": "https://downloads.wordpress.org/plugin/duplicate-post.4.4.zip"
            },
            "require": {
                "composer/installers": "^1.0 || ^2.0"
            },
            "type": "wordpress-plugin",
            "homepage": "https://wordpress.org/plugins/duplicate-post/"
        },
        {
            "name": "wpackagist-plugin/facebook-for-woocommerce",
            "version": "2.6.16",
            "source": {
                "type": "svn",
                "url": "https://plugins.svn.wordpress.org/facebook-for-woocommerce/",
                "reference": "tags/2.6.16"
            },
            "dist": {
                "type": "zip",
                "url": "https://downloads.wordpress.org/plugin/facebook-for-woocommerce.2.6.16.zip"
            },
            "require": {
                "composer/installers": "^1.0 || ^2.0"
            },
            "type": "wordpress-plugin",
            "homepage": "https://wordpress.org/plugins/facebook-for-woocommerce/"
        },
        {
            "name": "wpackagist-plugin/google-authenticator",
            "version": "0.53",
            "source": {
                "type": "svn",
                "url": "https://plugins.svn.wordpress.org/google-authenticator/",
                "reference": "tags/0.53"
            },
            "dist": {
                "type": "zip",
                "url": "https://downloads.wordpress.org/plugin/google-authenticator.0.53.zip"
            },
            "require": {
                "composer/installers": "^1.0 || ^2.0"
            },
            "type": "wordpress-plugin",
            "homepage": "https://wordpress.org/plugins/google-authenticator/"
        },
        {
            "name": "wpackagist-plugin/limit-login-attempts-reloaded",
            "version": "2.25.3",
            "source": {
                "type": "svn",
                "url": "https://plugins.svn.wordpress.org/limit-login-attempts-reloaded/",
                "reference": "tags/2.25.3"
            },
            "dist": {
                "type": "zip",
                "url": "https://downloads.wordpress.org/plugin/limit-login-attempts-reloaded.2.25.3.zip"
            },
            "require": {
                "composer/installers": "^1.0 || ^2.0"
            },
            "type": "wordpress-plugin",
            "homepage": "https://wordpress.org/plugins/limit-login-attempts-reloaded/"
        },
        {
            "name": "wpackagist-plugin/mailchimp-for-woocommerce",
            "version": "2.6.2",
            "source": {
                "type": "svn",
                "url": "https://plugins.svn.wordpress.org/mailchimp-for-woocommerce/",
                "reference": "tags/2.6.2"
            },
            "dist": {
                "type": "zip",
                "url": "https://downloads.wordpress.org/plugin/mailchimp-for-woocommerce.2.6.2.zip"
            },
            "require": {
                "composer/installers": "^1.0 || ^2.0"
            },
            "type": "wordpress-plugin",
            "homepage": "https://wordpress.org/plugins/mailchimp-for-woocommerce/"
        },
        {
            "name": "wpackagist-plugin/mollie-payments-for-woocommerce",
            "version": "7.2.0",
            "source": {
                "type": "svn",
                "url": "https://plugins.svn.wordpress.org/mollie-payments-for-woocommerce/",
                "reference": "tags/7.2.0"
            },
            "dist": {
                "type": "zip",
                "url": "https://downloads.wordpress.org/plugin/mollie-payments-for-woocommerce.7.2.0.zip"
            },
            "require": {
                "composer/installers": "^1.0 || ^2.0"
            },
            "type": "wordpress-plugin",
            "homepage": "https://wordpress.org/plugins/mollie-payments-for-woocommerce/"
        },
        {
            "name": "wpackagist-plugin/query-monitor",
            "version": "3.9.0",
            "source": {
                "type": "svn",
                "url": "https://plugins.svn.wordpress.org/query-monitor/",
                "reference": "tags/3.9.0"
            },
            "dist": {
                "type": "zip",
                "url": "https://downloads.wordpress.org/plugin/query-monitor.3.9.0.zip"
            },
            "require": {
                "composer/installers": "^1.0 || ^2.0"
            },
            "type": "wordpress-plugin",
            "homepage": "https://wordpress.org/plugins/query-monitor/"
        },
        {
            "name": "wpackagist-plugin/redirection",
            "version": "5.2.3",
            "source": {
                "type": "svn",
                "url": "https://plugins.svn.wordpress.org/redirection/",
                "reference": "tags/5.2.3"
            },
            "dist": {
                "type": "zip",
                "url": "https://downloads.wordpress.org/plugin/redirection.5.2.3.zip"
            },
            "require": {
                "composer/installers": "^1.0 || ^2.0"
            },
            "type": "wordpress-plugin",
            "homepage": "https://wordpress.org/plugins/redirection/"
        },
        {
            "name": "wpackagist-plugin/redis-object-cache",
            "version": "1.0",
            "source": {
                "type": "svn",
                "url": "https://plugins.svn.wordpress.org/redis-object-cache/",
                "reference": "tags/1.0"
            },
            "dist": {
                "type": "zip",
                "url": "https://downloads.wordpress.org/plugin/redis-object-cache.1.0.zip"
            },
            "require": {
                "composer/installers": "^1.0 || ^2.0"
            },
            "type": "wordpress-plugin",
            "homepage": "https://wordpress.org/plugins/redis-object-cache/"
        },
        {
            "name": "wpackagist-plugin/spinupwp",
            "version": "1.4.2",
            "source": {
                "type": "svn",
                "url": "https://plugins.svn.wordpress.org/spinupwp/",
                "reference": "tags/1.4.2"
            },
            "dist": {
                "type": "zip",
                "url": "https://downloads.wordpress.org/plugin/spinupwp.1.4.2.zip"
            },
            "require": {
                "composer/installers": "^1.0 || ^2.0"
            },
            "type": "wordpress-plugin",
            "homepage": "https://wordpress.org/plugins/spinupwp/"
        },
        {
            "name": "wpackagist-plugin/woocommerce",
            "version": "6.6.1",
            "source": {
                "type": "svn",
                "url": "https://plugins.svn.wordpress.org/woocommerce/",
                "reference": "tags/6.6.1"
            },
            "dist": {
                "type": "zip",
                "url": "https://downloads.wordpress.org/plugin/woocommerce.6.6.1.zip"
            },
            "require": {
                "composer/installers": "^1.0 || ^2.0"
            },
            "type": "wordpress-plugin",
            "homepage": "https://wordpress.org/plugins/woocommerce/"
        },
        {
            "name": "wpackagist-plugin/wordpress-seo",
            "version": "19.1",
            "source": {
                "type": "svn",
                "url": "https://plugins.svn.wordpress.org/wordpress-seo/",
                "reference": "tags/19.1"
            },
            "dist": {
                "type": "zip",
                "url": "https://downloads.wordpress.org/plugin/wordpress-seo.19.1.zip"
            },
            "require": {
                "composer/installers": "^1.0 || ^2.0"
            },
            "type": "wordpress-plugin",
            "homepage": "https://wordpress.org/plugins/wordpress-seo/"
        },
        {
            "name": "wpackagist-plugin/worker",
            "version": "4.9.14",
            "source": {
                "type": "svn",
                "url": "https://plugins.svn.wordpress.org/worker/",
                "reference": "tags/4.9.14"
            },
            "dist": {
                "type": "zip",
                "url": "https://downloads.wordpress.org/plugin/worker.4.9.14.zip"
            },
            "require": {
                "composer/installers": "^1.0 || ^2.0"
            },
            "type": "wordpress-plugin",
            "homepage": "https://wordpress.org/plugins/worker/"
        },
        {
            "name": "wpackagist-plugin/wp-mail-logging",
            "version": "1.10.4",
            "source": {
                "type": "svn",
                "url": "https://plugins.svn.wordpress.org/wp-mail-logging/",
                "reference": "tags/1.10.4"
            },
            "dist": {
                "type": "zip",
                "url": "https://downloads.wordpress.org/plugin/wp-mail-logging.1.10.4.zip"
            },
            "require": {
                "composer/installers": "^1.0 || ^2.0"
            },
            "type": "wordpress-plugin",
            "homepage": "https://wordpress.org/plugins/wp-mail-logging/"
        },
        {
            "name": "wpackagist-plugin/wp-mail-smtp",
            "version": "3.4.0",
            "source": {
                "type": "svn",
                "url": "https://plugins.svn.wordpress.org/wp-mail-smtp/",
                "reference": "tags/3.4.0"
            },
            "dist": {
                "type": "zip",
                "url": "https://downloads.wordpress.org/plugin/wp-mail-smtp.3.4.0.zip"
            },
            "require": {
                "composer/installers": "^1.0 || ^2.0"
            },
            "type": "wordpress-plugin",
            "homepage": "https://wordpress.org/plugins/wp-mail-smtp/"
        },
        {
            "name": "wpackagist-plugin/zettle-pos-integration",
            "version": "1.5.3",
            "source": {
                "type": "svn",
                "url": "https://plugins.svn.wordpress.org/zettle-pos-integration/",
                "reference": "tags/1.5.3"
            },
            "dist": {
                "type": "zip",
                "url": "https://downloads.wordpress.org/plugin/zettle-pos-integration.1.5.3.zip"
            },
            "require": {
                "composer/installers": "^1.0 || ^2.0"
            },
            "type": "wordpress-plugin",
            "homepage": "https://wordpress.org/plugins/zettle-pos-integration/"
        }
    ],
    "packages-dev": [],
    "aliases": [],
    "minimum-stability": "stable",
    "stability-flags": [],
    "prefer-stable": false,
    "prefer-lowest": false,
    "platform": [],
    "platform-dev": [],
    "plugin-api-version": "2.2.0"
}
